
Microsoft Visual Studio Solution File, Format Version 12.00
# Visual Studio 2015
Project("{FAE04EC0-301F-11D3-BF4B-00C04F79EFBC}") = "SpaceshipPrototype.CSharp", "SpaceshipPrototype.CSharp.csproj", "{33E4F55F-A329-A89C-1029-60E1335E1C47}"
EndProject
Project("{FAE04EC0-301F-11D3-BF4B-00C04F79EFBC}") = "SpaceshipPrototype.CSharp.Editor", "SpaceshipPrototype.CSharp.Editor.csproj", "{5FDFC531-F276-6EDF-89AD-E990D749513B}"
EndProject
Global
	GlobalSection(SolutionConfigurationPlatforms) = preSolution
		Debug|Any CPU = Debug|Any CPU
		Release|Any CPU = Release|Any CPU
	EndGlobalSection
	GlobalSection(ProjectConfigurationPlatforms) = postSolution
		{33E4F55F-A329-A89C-1029-60E1335E1C47}.Debug|Any CPU.ActiveCfg = Debug|Any CPU
		{33E4F55F-A329-A89C-1029-60E1335E1C47}.Debug|Any CPU.Build.0 = Debug|Any CPU
		{33E4F55F-A329-A89C-1029-60E1335E1C47}.Release|Any CPU.ActiveCfg = Release|Any CPU
		{33E4F55F-A329-A89C-1029-60E1335E1C47}.Release|Any CPU.Build.0 = Release|Any CPU
		{5FDFC531-F276-6EDF-89AD-E990D749513B}.Debug|Any CPU.ActiveCfg = Debug|Any CPU
		{5FDFC531-F276-6EDF-89AD-E990D749513B}.Debug|Any CPU.Build.0 = Debug|Any CPU
		{5FDFC531-F276-6EDF-89AD-E990D749513B}.Release|Any CPU.ActiveCfg = Release|Any CPU
		{5FDFC531-F276-6EDF-89AD-E990D749513B}.Release|Any CPU.Build.0 = Release|Any CPU
	EndGlobalSection
	GlobalSection(SolutionProperties) = preSolution
		HideSolutionNode = FALSE
	EndGlobalSection
EndGlobal
